
Microsoft Visual Studio Solution File, Format Version 12.00
# Visual Studio 2013
VisualStudioVersion = 12.0.21005.1
MinimumVisualStudioVersion = 10.0.40219.1
Project("{FAE04EC0-301F-11D3-BF4B-00C04F79EFBC}") = "AwfulService", "AwfulService\AwfulService.csproj", "{150D9567-A4BA-47F4-A99B-FB70287DF0A7}"
EndProject
Project("{FAE04EC0-301F-11D3-BF4B-00C04F79EFBC}") = "Utility", "Utility\Utility.csproj", "{CE2E99DA-3866-44A1-9705-B9CE0055B04C}"
EndProject
Project("{FAE04EC0-301F-11D3-BF4B-00C04F79EFBC}") = "AwfulScheduler", "AwfulScheduler\AwfulScheduler.csproj", "{FB12E36B-4AD7-4F29-906A-01A027BF1F5D}"
EndProject
Project("{FAE04EC0-301F-11D3-BF4B-00C04F79EFBC}") = "TestScheduler", "TestScheduler\TestScheduler.csproj", "{9B501230-FB7A-4297-9EB5-872C925EF353}"
EndProject
Project("{FAE04EC0-301F-11D3-BF4B-00C04F79EFBC}") = "Configurator", "Configurator\Configurator.csproj", "{4B288763-CDC3-432B-B66E-A404BDEB5AE4}"
EndProject
Project("{FAE04EC0-301F-11D3-BF4B-00C04F79EFBC}") = "TestConfigurator", "TestConfigurator\TestConfigurator.csproj", "{259B732E-CC2C-4ABB-A631-3F4F780844B4}"
EndProject
Global
	GlobalSection(SolutionConfigurationPlatforms) = preSolution
		Debug|Any CPU = Debug|Any CPU
		Release|Any CPU = Release|Any CPU
	EndGlobalSection
	GlobalSection(ProjectConfigurationPlatforms) = postSolution
		{150D9567-A4BA-47F4-A99B-FB70287DF0A7}.Debug|Any CPU.ActiveCfg = Debug|Any CPU
		{150D9567-A4BA-47F4-A99B-FB70287DF0A7}.Debug|Any CPU.Build.0 = Debug|Any CPU
		{150D9567-A4BA-47F4-A99B-FB70287DF0A7}.Release|Any CPU.ActiveCfg = Release|Any CPU
		{150D9567-A4BA-47F4-A99B-FB70287DF0A7}.Release|Any CPU.Build.0 = Release|Any CPU
		{CE2E99DA-3866-44A1-9705-B9CE0055B04C}.Debug|Any CPU.ActiveCfg = Debug|Any CPU
		{CE2E99DA-3866-44A1-9705-B9CE0055B04C}.Debug|Any CPU.Build.0 = Debug|Any CPU
		{CE2E99DA-3866-44A1-9705-B9CE0055B04C}.Release|Any CPU.ActiveCfg = Release|Any CPU
		{CE2E99DA-3866-44A1-9705-B9CE0055B04C}.Release|Any CPU.Build.0 = Release|Any CPU
		{FB12E36B-4AD7-4F29-906A-01A027BF1F5D}.Debug|Any CPU.ActiveCfg = Debug|Any CPU
		{FB12E36B-4AD7-4F29-906A-01A027BF1F5D}.Debug|Any CPU.Build.0 = Debug|Any CPU
		{FB12E36B-4AD7-4F29-906A-01A027BF1F5D}.Release|Any CPU.ActiveCfg = Release|Any CPU
		{FB12E36B-4AD7-4F29-906A-01A027BF1F5D}.Release|Any CPU.Build.0 = Release|Any CPU
		{9B501230-FB7A-4297-9EB5-872C925EF353}.Debug|Any CPU.ActiveCfg = Debug|Any CPU
		{9B501230-FB7A-4297-9EB5-872C925EF353}.Debug|Any CPU.Build.0 = Debug|Any CPU
		{9B501230-FB7A-4297-9EB5-872C925EF353}.Release|Any CPU.ActiveCfg = Release|Any CPU
		{9B501230-FB7A-4297-9EB5-872C925EF353}.Release|Any CPU.Build.0 = Release|Any CPU
		{4B288763-CDC3-432B-B66E-A404BDEB5AE4}.Debug|Any CPU.ActiveCfg = Debug|Any CPU
		{4B288763-CDC3-432B-B66E-A404BDEB5AE4}.Debug|Any CPU.Build.0 = Debug|Any CPU
		{4B288763-CDC3-432B-B66E-A404BDEB5AE4}.Release|Any CPU.ActiveCfg = Release|Any CPU
		{4B288763-CDC3-432B-B66E-A404BDEB5AE4}.Release|Any CPU.Build.0 = Release|Any CPU
		{259B732E-CC2C-4ABB-A631-3F4F780844B4}.Debug|Any CPU.ActiveCfg = Debug|Any CPU
		{259B732E-CC2C-4ABB-A631-3F4F780844B4}.Debug|Any CPU.Build.0 = Debug|Any CPU
		{259B732E-CC2C-4ABB-A631-3F4F780844B4}.Release|Any CPU.ActiveCfg = Release|Any CPU
		{259B732E-CC2C-4ABB-A631-3F4F780844B4}.Release|Any CPU.Build.0 = Release|Any CPU
	EndGlobalSection
	GlobalSection(SolutionProperties) = preSolution
		HideSolutionNode = FALSE
	EndGlobalSection
EndGlobal
